
Microsoft Visual Studio Solution File, Format Version 12.00
# Visual Studio 15
VisualStudioVersion = 15.0.28307.271
MinimumVisualStudioVersion = 10.0.40219.1
Project("{FAE04EC0-301F-11D3-BF4B-00C04F79EFBC}") = "Photon.LoadBalancing", "Photon.LoadBalancing\Photon.LoadBalancing.csproj", "{9CD75FF6-F7B1-4214-9DC3-61C8474B24F1}"
EndProject
Project("{FAE04EC0-301F-11D3-BF4B-00C04F79EFBC}") = "Photon.Common", "Photon.Common\Photon.Common.csproj", "{C48983E1-4294-442A-BD80-961AF5CA74CE}"
EndProject
Project("{FAE04EC0-301F-11D3-BF4B-00C04F79EFBC}") = "Server", "Server\Server.csproj", "{99CD4BDF-175B-49F9-8E64-0454ABE0414B}"
EndProject
Project("{FAE04EC0-301F-11D3-BF4B-00C04F79EFBC}") = "Game.Api", "Game.Api\Game.Api.csproj", "{26C0BA6F-7CD6-4F2A-A6E4-7F438E709945}"
EndProject
Project("{FAE04EC0-301F-11D3-BF4B-00C04F79EFBC}") = "Game.Data", "Game.Data\Game.Data.csproj", "{F88F8831-2A8C-4E03-BF4C-6FFC2A0A7D7C}"
EndProject
Project("{FAE04EC0-301F-11D3-BF4B-00C04F79EFBC}") = "Game.Domain", "Game.Domain\Game.Domain.csproj", "{98E17AAC-5E56-40BF-AEFC-801A25CE9F9D}"
EndProject
Global
	GlobalSection(SolutionConfigurationPlatforms) = preSolution
		Debug|Any CPU = Debug|Any CPU
		Debug|x64 = Debug|x64
		PhotonDesenvolvimento|Any CPU = PhotonDesenvolvimento|Any CPU
		PhotonDesenvolvimento|x64 = PhotonDesenvolvimento|x64
		Release|Any CPU = Release|Any CPU
		Release|x64 = Release|x64
	EndGlobalSection
	GlobalSection(ProjectConfigurationPlatforms) = postSolution
		{9CD75FF6-F7B1-4214-9DC3-61C8474B24F1}.Debug|Any CPU.ActiveCfg = Debug|Any CPU
		{9CD75FF6-F7B1-4214-9DC3-61C8474B24F1}.Debug|Any CPU.Build.0 = Debug|Any CPU
		{9CD75FF6-F7B1-4214-9DC3-61C8474B24F1}.Debug|x64.ActiveCfg = Debug|Any CPU
		{9CD75FF6-F7B1-4214-9DC3-61C8474B24F1}.Debug|x64.Build.0 = Debug|Any CPU
		{9CD75FF6-F7B1-4214-9DC3-61C8474B24F1}.PhotonDesenvolvimento|Any CPU.ActiveCfg = PhotonDesenvolvimento|Any CPU
		{9CD75FF6-F7B1-4214-9DC3-61C8474B24F1}.PhotonDesenvolvimento|Any CPU.Build.0 = PhotonDesenvolvimento|Any CPU
		{9CD75FF6-F7B1-4214-9DC3-61C8474B24F1}.PhotonDesenvolvimento|x64.ActiveCfg = PhotonDesenvolvimento|Any CPU
		{9CD75FF6-F7B1-4214-9DC3-61C8474B24F1}.PhotonDesenvolvimento|x64.Build.0 = PhotonDesenvolvimento|Any CPU
		{9CD75FF6-F7B1-4214-9DC3-61C8474B24F1}.Release|Any CPU.ActiveCfg = Release|Any CPU
		{9CD75FF6-F7B1-4214-9DC3-61C8474B24F1}.Release|Any CPU.Build.0 = Release|Any CPU
		{9CD75FF6-F7B1-4214-9DC3-61C8474B24F1}.Release|x64.ActiveCfg = Release|Any CPU
		{9CD75FF6-F7B1-4214-9DC3-61C8474B24F1}.Release|x64.Build.0 = Release|Any CPU
		{C48983E1-4294-442A-BD80-961AF5CA74CE}.Debug|Any CPU.ActiveCfg = Debug|Any CPU
		{C48983E1-4294-442A-BD80-961AF5CA74CE}.Debug|Any CPU.Build.0 = Debug|Any CPU
		{C48983E1-4294-442A-BD80-961AF5CA74CE}.Debug|x64.ActiveCfg = Debug|Any CPU
		{C48983E1-4294-442A-BD80-961AF5CA74CE}.Debug|x64.Build.0 = Debug|Any CPU
		{C48983E1-4294-442A-BD80-961AF5CA74CE}.PhotonDesenvolvimento|Any CPU.ActiveCfg = Release|Any CPU
		{C48983E1-4294-442A-BD80-961AF5CA74CE}.PhotonDesenvolvimento|Any CPU.Build.0 = Release|Any CPU
		{C48983E1-4294-442A-BD80-961AF5CA74CE}.PhotonDesenvolvimento|x64.ActiveCfg = Release|Any CPU
		{C48983E1-4294-442A-BD80-961AF5CA74CE}.PhotonDesenvolvimento|x64.Build.0 = Release|Any CPU
		{C48983E1-4294-442A-BD80-961AF5CA74CE}.Release|Any CPU.ActiveCfg = Release|Any CPU
		{C48983E1-4294-442A-BD80-961AF5CA74CE}.Release|Any CPU.Build.0 = Release|Any CPU
		{C48983E1-4294-442A-BD80-961AF5CA74CE}.Release|x64.ActiveCfg = Release|Any CPU
		{C48983E1-4294-442A-BD80-961AF5CA74CE}.Release|x64.Build.0 = Release|Any CPU
		{99CD4BDF-175B-49F9-8E64-0454ABE0414B}.Debug|Any CPU.ActiveCfg = Debug|Any CPU
		{99CD4BDF-175B-49F9-8E64-0454ABE0414B}.Debug|Any CPU.Build.0 = Debug|Any CPU
		{99CD4BDF-175B-49F9-8E64-0454ABE0414B}.Debug|x64.ActiveCfg = Debug|Any CPU
		{99CD4BDF-175B-49F9-8E64-0454ABE0414B}.Debug|x64.Build.0 = Debug|Any CPU
		{99CD4BDF-175B-49F9-8E64-0454ABE0414B}.PhotonDesenvolvimento|Any CPU.ActiveCfg = Release|Any CPU
		{99CD4BDF-175B-49F9-8E64-0454ABE0414B}.PhotonDesenvolvimento|Any CPU.Build.0 = Release|Any CPU
		{99CD4BDF-175B-49F9-8E64-0454ABE0414B}.PhotonDesenvolvimento|x64.ActiveCfg = Release|Any CPU
		{99CD4BDF-175B-49F9-8E64-0454ABE0414B}.PhotonDesenvolvimento|x64.Build.0 = Release|Any CPU
		{99CD4BDF-175B-49F9-8E64-0454ABE0414B}.Release|Any CPU.ActiveCfg = Release|Any CPU
		{99CD4BDF-175B-49F9-8E64-0454ABE0414B}.Release|Any CPU.Build.0 = Release|Any CPU
		{99CD4BDF-175B-49F9-8E64-0454ABE0414B}.Release|x64.ActiveCfg = Release|Any CPU
		{99CD4BDF-175B-49F9-8E64-0454ABE0414B}.Release|x64.Build.0 = Release|Any CPU
		{26C0BA6F-7CD6-4F2A-A6E4-7F438E709945}.Debug|Any CPU.ActiveCfg = Debug|Any CPU
		{26C0BA6F-7CD6-4F2A-A6E4-7F438E709945}.Debug|Any CPU.Build.0 = Debug|Any CPU
		{26C0BA6F-7CD6-4F2A-A6E4-7F438E709945}.Debug|x64.ActiveCfg = Debug|Any CPU
		{26C0BA6F-7CD6-4F2A-A6E4-7F438E709945}.Debug|x64.Build.0 = Debug|Any CPU
		{26C0BA6F-7CD6-4F2A-A6E4-7F438E709945}.PhotonDesenvolvimento|Any CPU.ActiveCfg = Debug|Any CPU
		{26C0BA6F-7CD6-4F2A-A6E4-7F438E709945}.PhotonDesenvolvimento|Any CPU.Build.0 = Debug|Any CPU
		{26C0BA6F-7CD6-4F2A-A6E4-7F438E709945}.PhotonDesenvolvimento|x64.ActiveCfg = Debug|Any CPU
		{26C0BA6F-7CD6-4F2A-A6E4-7F438E709945}.PhotonDesenvolvimento|x64.Build.0 = Debug|Any CPU
		{26C0BA6F-7CD6-4F2A-A6E4-7F438E709945}.Release|Any CPU.ActiveCfg = Release|Any CPU
		{26C0BA6F-7CD6-4F2A-A6E4-7F438E709945}.Release|Any CPU.Build.0 = Release|Any CPU
		{26C0BA6F-7CD6-4F2A-A6E4-7F438E709945}.Release|x64.ActiveCfg = Release|Any CPU
		{26C0BA6F-7CD6-4F2A-A6E4-7F438E709945}.Release|x64.Build.0 = Release|Any CPU
		{F88F8831-2A8C-4E03-BF4C-6FFC2A0A7D7C}.Debug|Any CPU.ActiveCfg = Debug|Any CPU
		{F88F8831-2A8C-4E03-BF4C-6FFC2A0A7D7C}.Debug|Any CPU.Build.0 = Debug|Any CPU
		{F88F8831-2A8C-4E03-BF4C-6FFC2A0A7D7C}.Debug|x64.ActiveCfg = Debug|Any CPU
		{F88F8831-2A8C-4E03-BF4C-6FFC2A0A7D7C}.Debug|x64.Build.0 = Debug|Any CPU
		{F88F8831-2A8C-4E03-BF4C-6FFC2A0A7D7C}.PhotonDesenvolvimento|Any CPU.ActiveCfg = Debug|Any CPU
		{F88F8831-2A8C-4E03-BF4C-6FFC2A0A7D7C}.PhotonDesenvolvimento|Any CPU.Build.0 = Debug|Any CPU
		{F88F8831-2A8C-4E03-BF4C-6FFC2A0A7D7C}.PhotonDesenvolvimento|x64.ActiveCfg = Debug|Any CPU
		{F88F8831-2A8C-4E03-BF4C-6FFC2A0A7D7C}.PhotonDesenvolvimento|x64.Build.0 = Debug|Any CPU
		{F88F8831-2A8C-4E03-BF4C-6FFC2A0A7D7C}.Release|Any CPU.ActiveCfg = Release|Any CPU
		{F88F8831-2A8C-4E03-BF4C-6FFC2A0A7D7C}.Release|Any CPU.Build.0 = Release|Any CPU
		{F88F8831-2A8C-4E03-BF4C-6FFC2A0A7D7C}.Release|x64.ActiveCfg = Release|Any CPU
		{F88F8831-2A8C-4E03-BF4C-6FFC2A0A7D7C}.Release|x64.Build.0 = Release|Any CPU
		{98E17AAC-5E56-40BF-AEFC-801A25CE9F9D}.Debug|Any CPU.ActiveCfg = Debug|Any CPU
		{98E17AAC-5E56-40BF-AEFC-801A25CE9F9D}.Debug|Any CPU.Build.0 = Debug|Any CPU
		{98E17AAC-5E56-40BF-AEFC-801A25CE9F9D}.Debug|x64.ActiveCfg = Debug|Any CPU
		{98E17AAC-5E56-40BF-AEFC-801A25CE9F9D}.Debug|x64.Build.0 = Debug|Any CPU
		{98E17AAC-5E56-40BF-AEFC-801A25CE9F9D}.PhotonDesenvolvimento|Any CPU.ActiveCfg = Debug|Any CPU
		{98E17AAC-5E56-40BF-AEFC-801A25CE9F9D}.PhotonDesenvolvimento|Any CPU.Build.0 = Debug|Any CPU
		{98E17AAC-5E56-40BF-AEFC-801A25CE9F9D}.PhotonDesenvolvimento|x64.ActiveCfg = Debug|Any CPU
		{98E17AAC-5E56-40BF-AEFC-801A25CE9F9D}.PhotonDesenvolvimento|x64.Build.0 = Debug|Any CPU
		{98E17AAC-5E56-40BF-AEFC-801A25CE9F9D}.Release|Any CPU.ActiveCfg = Release|Any CPU
		{98E17AAC-5E56-40BF-AEFC-801A25CE9F9D}.Release|Any CPU.Build.0 = Release|Any CPU
		{98E17AAC-5E56-40BF-AEFC-801A25CE9F9D}.Release|x64.ActiveCfg = Release|Any CPU
		{98E17AAC-5E56-40BF-AEFC-801A25CE9F9D}.Release|x64.Build.0 = Release|Any CPU
	EndGlobalSection
	GlobalSection(SolutionProperties) = preSolution
		HideSolutionNode = FALSE
	EndGlobalSection
	GlobalSection(ExtensibilityGlobals) = postSolution
		SolutionGuid = {E49A7273-568C-448A-9E7D-3110EA2B7D5D}
	EndGlobalSection
EndGlobal
